
Microsoft Visual Studio Solution File, Format Version 12.00
# Visual Studio Version 16
VisualStudioVersion = 16.0.30804.86
MinimumVisualStudioVersion = 10.0.40219.1
Project("{FAE04EC0-301F-11D3-BF4B-00C04F79EFBC}") = "Banana Farmer In Shop", "Banana Farmer In Shop\Banana Farmer In Shop.csproj", "{CA5C5F1D-7C0B-4563-9C0A-38AD78B01F59}"
EndProject
Global
	GlobalSection(SolutionConfigurationPlatforms) = preSolution
		Debug|Any CPU = Debug|Any CPU
		Release|Any CPU = Release|Any CPU
	EndGlobalSection
	GlobalSection(ProjectConfigurationPlatforms) = postSolution
		{CA5C5F1D-7C0B-4563-9C0A-38AD78B01F59}.Debug|Any CPU.ActiveCfg = Debug|Any CPU
		{CA5C5F1D-7C0B-4563-9C0A-38AD78B01F59}.Debug|Any CPU.Build.0 = Debug|Any CPU
		{CA5C5F1D-7C0B-4563-9C0A-38AD78B01F59}.Release|Any CPU.ActiveCfg = Release|Any CPU
		{CA5C5F1D-7C0B-4563-9C0A-38AD78B01F59}.Release|Any CPU.Build.0 = Release|Any CPU
	EndGlobalSection
	GlobalSection(SolutionProperties) = preSolution
		HideSolutionNode = FALSE
	EndGlobalSection
	GlobalSection(ExtensibilityGlobals) = postSolution
		SolutionGuid = {D6D3057D-FB62-412F-BD08-69118B75368C}
	EndGlobalSection
EndGlobal
